
Microsoft Visual Studio Solution File, Format Version 12.00
# Visual Studio 14
VisualStudioVersion = 14.0.25420.1
MinimumVisualStudioVersion = 10.0.40219.1
Project("{FAE04EC0-301F-11D3-BF4B-00C04F79EFBC}") = "YCRCPracticeWebApp", "YCRCPracticeWebApp\YCRCPracticeWebApp.csproj", "{C39CADEB-2320-4DEC-80BD-F943537C341C}"
EndProject
Project("{FAE04EC0-301F-11D3-BF4B-00C04F79EFBC}") = "YCRCPracticeWebApp.Tests", "YCRCPracticeWebApp.Tests\YCRCPracticeWebApp.Tests.csproj", "{C112BDFF-C2FC-4DE0-AEED-767EBC6AA819}"
EndProject
Project("{FAE04EC0-301F-11D3-BF4B-00C04F79EFBC}") = "YCRCPracticeWebApp.Service", "YCRCPracticeWebApp.Service\YCRCPracticeWebApp.Service.csproj", "{3F0178E9-5EAB-4B3C-916E-47ABA736AE93}"
EndProject
Project("{FAE04EC0-301F-11D3-BF4B-00C04F79EFBC}") = "YCRCPracticeWebApp.Repository", "YCRCPracticeWebApp.Repository\YCRCPracticeWebApp.Repository.csproj", "{38762AFD-EAF6-41B7-9D2D-3BC39C38DE0B}"
EndProject
Project("{FAE04EC0-301F-11D3-BF4B-00C04F79EFBC}") = "YCRCPracticeWebApp.ServiceTest", "YCRCPracticeWebApp.ServiceTest\YCRCPracticeWebApp.ServiceTest.csproj", "{B3CE2B3F-AAC6-4A04-910E-239DC8CFADC3}"
EndProject
Global
	GlobalSection(SolutionConfigurationPlatforms) = preSolution
		Debug|Any CPU = Debug|Any CPU
		Release|Any CPU = Release|Any CPU
	EndGlobalSection
	GlobalSection(ProjectConfigurationPlatforms) = postSolution
		{C39CADEB-2320-4DEC-80BD-F943537C341C}.Debug|Any CPU.ActiveCfg = Debug|Any CPU
		{C39CADEB-2320-4DEC-80BD-F943537C341C}.Debug|Any CPU.Build.0 = Debug|Any CPU
		{C39CADEB-2320-4DEC-80BD-F943537C341C}.Release|Any CPU.ActiveCfg = Release|Any CPU
		{C39CADEB-2320-4DEC-80BD-F943537C341C}.Release|Any CPU.Build.0 = Release|Any CPU
		{C112BDFF-C2FC-4DE0-AEED-767EBC6AA819}.Debug|Any CPU.ActiveCfg = Debug|Any CPU
		{C112BDFF-C2FC-4DE0-AEED-767EBC6AA819}.Debug|Any CPU.Build.0 = Debug|Any CPU
		{C112BDFF-C2FC-4DE0-AEED-767EBC6AA819}.Release|Any CPU.ActiveCfg = Release|Any CPU
		{C112BDFF-C2FC-4DE0-AEED-767EBC6AA819}.Release|Any CPU.Build.0 = Release|Any CPU
		{3F0178E9-5EAB-4B3C-916E-47ABA736AE93}.Debug|Any CPU.ActiveCfg = Debug|Any CPU
		{3F0178E9-5EAB-4B3C-916E-47ABA736AE93}.Debug|Any CPU.Build.0 = Debug|Any CPU
		{3F0178E9-5EAB-4B3C-916E-47ABA736AE93}.Release|Any CPU.ActiveCfg = Release|Any CPU
		{3F0178E9-5EAB-4B3C-916E-47ABA736AE93}.Release|Any CPU.Build.0 = Release|Any CPU
		{38762AFD-EAF6-41B7-9D2D-3BC39C38DE0B}.Debug|Any CPU.ActiveCfg = Debug|Any CPU
		{38762AFD-EAF6-41B7-9D2D-3BC39C38DE0B}.Debug|Any CPU.Build.0 = Debug|Any CPU
		{38762AFD-EAF6-41B7-9D2D-3BC39C38DE0B}.Release|Any CPU.ActiveCfg = Release|Any CPU
		{38762AFD-EAF6-41B7-9D2D-3BC39C38DE0B}.Release|Any CPU.Build.0 = Release|Any CPU
		{B3CE2B3F-AAC6-4A04-910E-239DC8CFADC3}.Debug|Any CPU.ActiveCfg = Debug|Any CPU
		{B3CE2B3F-AAC6-4A04-910E-239DC8CFADC3}.Debug|Any CPU.Build.0 = Debug|Any CPU
		{B3CE2B3F-AAC6-4A04-910E-239DC8CFADC3}.Release|Any CPU.ActiveCfg = Release|Any CPU
		{B3CE2B3F-AAC6-4A04-910E-239DC8CFADC3}.Release|Any CPU.Build.0 = Release|Any CPU
	EndGlobalSection
	GlobalSection(SolutionProperties) = preSolution
		HideSolutionNode = FALSE
	EndGlobalSection
EndGlobal
